
Microsoft Visual Studio Solution File, Format Version 12.00
# Visual Studio Version 17
VisualStudioVersion = 17.10.34818.151
MinimumVisualStudioVersion = 10.0.40219.1
Project("{9A19103F-16F7-4668-BE54-9A1E7A4F7556}") = "ZMMLDotNetCore.ConsoleApp", "ZMMLDotNetCore.ConsoleApp\ZMMLDotNetCore.ConsoleApp.csproj", "{CF43CD06-4139-469B-B11E-CCC4D1CDA2DF}"
EndProject
Project("{9A19103F-16F7-4668-BE54-9A1E7A4F7556}") = "ZMMLDotNetCore.WinFormsApp", "DotNetTraining.WinFormsApp\ZMMLDotNetCore.WinFormsApp.csproj", "{CA983064-450C-4F4F-94B3-BB41A5AF9570}"
EndProject
Project("{9A19103F-16F7-4668-BE54-9A1E7A4F7556}") = "ZMMLDotNetCore.Shared", "DotNetTraining.Shared\ZMMLDotNetCore.Shared.csproj", "{C219367C-963E-47E4-BB4D-518E044E0E8B}"
EndProject
Project("{FAE04EC0-301F-11D3-BF4B-00C04F79EFBC}") = "ZMMLDotNetCore.ConsoleAppHttpClient", "ZMMLDotNetCore.ConsoleAppHttpClient\ZMMLDotNetCore.ConsoleAppHttpClient.csproj", "{3BE6DCEF-7EAA-4259-9D95-D177A699814F}"
EndProject
Project("{FAE04EC0-301F-11D3-BF4B-00C04F79EFBC}") = "ZMMLDotNetCore.RestApi", "ZMMLDotNetCore.RestApi\ZMMLDotNetCore.RestApi.csproj", "{50775401-2055-40D0-BADD-A2AEE252FD1C}"
EndProject
Project("{FAE04EC0-301F-11D3-BF4B-00C04F79EFBC}") = "ZMMLDotNetCore.ConsoleAppRefitExample", "ZMMLDotNetCore.ConsoleAppRefitExample\ZMMLDotNetCore.ConsoleAppRefitExample.csproj", "{8A35402A-CD19-452A-8C1A-4339735CE738}"
EndProject
Project("{FAE04EC0-301F-11D3-BF4B-00C04F79EFBC}") = "ZMMLDotNetCore.ConsoleAppRestClient", "ZMMLDotNetCore.ConsoleAppRestClient\ZMMLDotNetCore.ConsoleAppRestClient.csproj", "{B7E08200-13DC-44DA-8B40-BDBE316924E6}"
EndProject
Global
	GlobalSection(SolutionConfigurationPlatforms) = preSolution
		Debug|Any CPU = Debug|Any CPU
		Release|Any CPU = Release|Any CPU
	EndGlobalSection
	GlobalSection(ProjectConfigurationPlatforms) = postSolution
		{CF43CD06-4139-469B-B11E-CCC4D1CDA2DF}.Debug|Any CPU.ActiveCfg = Debug|Any CPU
		{CF43CD06-4139-469B-B11E-CCC4D1CDA2DF}.Debug|Any CPU.Build.0 = Debug|Any CPU
		{CF43CD06-4139-469B-B11E-CCC4D1CDA2DF}.Release|Any CPU.ActiveCfg = Release|Any CPU
		{CF43CD06-4139-469B-B11E-CCC4D1CDA2DF}.Release|Any CPU.Build.0 = Release|Any CPU
		{CA983064-450C-4F4F-94B3-BB41A5AF9570}.Debug|Any CPU.ActiveCfg = Debug|Any CPU
		{CA983064-450C-4F4F-94B3-BB41A5AF9570}.Debug|Any CPU.Build.0 = Debug|Any CPU
		{CA983064-450C-4F4F-94B3-BB41A5AF9570}.Release|Any CPU.ActiveCfg = Release|Any CPU
		{CA983064-450C-4F4F-94B3-BB41A5AF9570}.Release|Any CPU.Build.0 = Release|Any CPU
		{C219367C-963E-47E4-BB4D-518E044E0E8B}.Debug|Any CPU.ActiveCfg = Debug|Any CPU
		{C219367C-963E-47E4-BB4D-518E044E0E8B}.Debug|Any CPU.Build.0 = Debug|Any CPU
		{C219367C-963E-47E4-BB4D-518E044E0E8B}.Release|Any CPU.ActiveCfg = Release|Any CPU
		{C219367C-963E-47E4-BB4D-518E044E0E8B}.Release|Any CPU.Build.0 = Release|Any CPU
		{3BE6DCEF-7EAA-4259-9D95-D177A699814F}.Debug|Any CPU.ActiveCfg = Debug|Any CPU
		{3BE6DCEF-7EAA-4259-9D95-D177A699814F}.Debug|Any CPU.Build.0 = Debug|Any CPU
		{3BE6DCEF-7EAA-4259-9D95-D177A699814F}.Release|Any CPU.ActiveCfg = Release|Any CPU
		{3BE6DCEF-7EAA-4259-9D95-D177A699814F}.Release|Any CPU.Build.0 = Release|Any CPU
		{50775401-2055-40D0-BADD-A2AEE252FD1C}.Debug|Any CPU.ActiveCfg = Debug|Any CPU
		{50775401-2055-40D0-BADD-A2AEE252FD1C}.Debug|Any CPU.Build.0 = Debug|Any CPU
		{50775401-2055-40D0-BADD-A2AEE252FD1C}.Release|Any CPU.ActiveCfg = Release|Any CPU
		{50775401-2055-40D0-BADD-A2AEE252FD1C}.Release|Any CPU.Build.0 = Release|Any CPU
		{8A35402A-CD19-452A-8C1A-4339735CE738}.Debug|Any CPU.ActiveCfg = Debug|Any CPU
		{8A35402A-CD19-452A-8C1A-4339735CE738}.Debug|Any CPU.Build.0 = Debug|Any CPU
		{8A35402A-CD19-452A-8C1A-4339735CE738}.Release|Any CPU.ActiveCfg = Release|Any CPU
		{8A35402A-CD19-452A-8C1A-4339735CE738}.Release|Any CPU.Build.0 = Release|Any CPU
		{B7E08200-13DC-44DA-8B40-BDBE316924E6}.Debug|Any CPU.ActiveCfg = Debug|Any CPU
		{B7E08200-13DC-44DA-8B40-BDBE316924E6}.Debug|Any CPU.Build.0 = Debug|Any CPU
		{B7E08200-13DC-44DA-8B40-BDBE316924E6}.Release|Any CPU.ActiveCfg = Release|Any CPU
		{B7E08200-13DC-44DA-8B40-BDBE316924E6}.Release|Any CPU.Build.0 = Release|Any CPU
	EndGlobalSection
	GlobalSection(SolutionProperties) = preSolution
		HideSolutionNode = FALSE
	EndGlobalSection
	GlobalSection(ExtensibilityGlobals) = postSolution
		SolutionGuid = {93E88256-D3A6-4D02-93DE-096D020368F4}
	EndGlobalSection
EndGlobal
